// !$*UTF8*$!
{
	archiveVersion = 1;
	classes = {
	};
	objectVersion = 55;
	objects = {

/* Begin PBXBuildFile section */
		BD0AA0DA28997ED9006E736C /* HomeViewController.swift in Sources */ = {isa = PBXBuildFile; fileRef = BD0AA0D928997ED9006E736C /* HomeViewController.swift */; };
		BD0AA0DC28997F26006E736C /* MainNavigationViewController.swift in Sources */ = {isa = PBXBuildFile; fileRef = BD0AA0DB28997F26006E736C /* MainNavigationViewController.swift */; };
		BD0AA0DE28997F48006E736C /* PhotoViewController.swift in Sources */ = {isa = PBXBuildFile; fileRef = BD0AA0DD28997F48006E736C /* PhotoViewController.swift */; };
		BD0AA11F2899B418006E736C /* EnRouteViewController.swift in Sources */ = {isa = PBXBuildFile; fileRef = BD0AA11E2899B418006E736C /* EnRouteViewController.swift */; };
		BDE5D7A9289AB3D60031C652 /* ResourcesViewController.swift in Sources */ = {isa = PBXBuildFile; fileRef = BDE5D7A8289AB3D60031C652 /* ResourcesViewController.swift */; };
		BDFB5C642898615E0016B9A5 /* AppDelegate.swift in Sources */ = {isa = PBXBuildFile; fileRef = BDFB5C632898615E0016B9A5 /* AppDelegate.swift */; };
		BDFB5C662898615E0016B9A5 /* SceneDelegate.swift in Sources */ = {isa = PBXBuildFile; fileRef = BDFB5C652898615E0016B9A5 /* SceneDelegate.swift */; };
		BDFB5C682898615E0016B9A5 /* ViewController.swift in Sources */ = {isa = PBXBuildFile; fileRef = BDFB5C672898615E0016B9A5 /* ViewController.swift */; };
		BDFB5C6B2898615E0016B9A5 /* Main.storyboard in Resources */ = {isa = PBXBuildFile; fileRef = BDFB5C692898615E0016B9A5 /* Main.storyboard */; };
		BDFB5C6E2898615E0016B9A5 /* LLL.xcdatamodeld in Sources */ = {isa = PBXBuildFile; fileRef = BDFB5C6C2898615E0016B9A5 /* LLL.xcdatamodeld */; };
		BDFB5C70289861600016B9A5 /* Assets.xcassets in Resources */ = {isa = PBXBuildFile; fileRef = BDFB5C6F289861600016B9A5 /* Assets.xcassets */; };
		BDFB5C73289861600016B9A5 /* LaunchScreen.storyboard in Resources */ = {isa = PBXBuildFile; fileRef = BDFB5C71289861600016B9A5 /* LaunchScreen.storyboard */; };
		BDFB5C7E289861600016B9A5 /* LLLTests.swift in Sources */ = {isa = PBXBuildFile; fileRef = BDFB5C7D289861600016B9A5 /* LLLTests.swift */; };
		BDFB5C88289861600016B9A5 /* LLLUITests.swift in Sources */ = {isa = PBXBuildFile; fileRef = BDFB5C87289861600016B9A5 /* LLLUITests.swift */; };
		BDFB5C8A289861600016B9A5 /* LLLUITestsLaunchTests.swift in Sources */ = {isa = PBXBuildFile; fileRef = BDFB5C89289861600016B9A5 /* LLLUITestsLaunchTests.swift */; };
/* End PBXBuildFile section */

/* Begin PBXContainerItemProxy section */
		BDFB5C7A289861600016B9A5 /* PBXContainerItemProxy */ = {
			isa = PBXContainerItemProxy;
			containerPortal = BDFB5C582898615E0016B9A5 /* Project object */;
			proxyType = 1;
			remoteGlobalIDString = BDFB5C5F2898615E0016B9A5;
			remoteInfo = LLL;
		};
		BDFB5C84289861600016B9A5 /* PBXContainerItemProxy */ = {
			isa = PBXContainerItemProxy;
			containerPortal = BDFB5C582898615E0016B9A5 /* Project object */;
			proxyType = 1;
			remoteGlobalIDString = BDFB5C5F2898615E0016B9A5;
			remoteInfo = LLL;
		};
/* End PBXContainerItemProxy section */

/* Begin PBXFileReference section */
		BD0AA0D928997ED9006E736C /* HomeViewController.swift */ = {isa = PBXFileReference; lastKnownFileType = sourcecode.swift; path = HomeViewController.swift; sourceTree = "<group>"; };
		BD0AA0DB28997F26006E736C /* MainNavigationViewController.swift */ = {isa = PBXFileReference; lastKnownFileType = sourcecode.swift; path = MainNavigationViewController.swift; sourceTree = "<group>"; };
		BD0AA0DD28997F48006E736C /* PhotoViewController.swift */ = {isa = PBXFileReference; lastKnownFileType = sourcecode.swift; path = PhotoViewController.swift; sourceTree = "<group>"; };
		BD0AA11E2899B418006E736C /* EnRouteViewController.swift */ = {isa = PBXFileReference; lastKnownFileType = sourcecode.swift; path = EnRouteViewController.swift; sourceTree = "<group>"; };
		BDE5D7A8289AB3D60031C652 /* ResourcesViewController.swift */ = {isa = PBXFileReference; lastKnownFileType = sourcecode.swift; path = ResourcesViewController.swift; sourceTree = "<group>"; };
		BDFB5C602898615E0016B9A5 /* LLL.app */ = {isa = PBXFileReference; explicitFileType = wrapper.application; includeInIndex = 0; path = LLL.app; sourceTree = BUILT_PRODUCTS_DIR; };
		BDFB5C632898615E0016B9A5 /* AppDelegate.swift */ = {isa = PBXFileReference; lastKnownFileType = sourcecode.swift; path = AppDelegate.swift; sourceTree = "<group>"; };
		BDFB5C652898615E0016B9A5 /* SceneDelegate.swift */ = {isa = PBXFileReference; lastKnownFileType = sourcecode.swift; path = SceneDelegate.swift; sourceTree = "<group>"; };
		BDFB5C672898615E0016B9A5 /* ViewController.swift */ = {isa = PBXFileReference; lastKnownFileType = sourcecode.swift; path = ViewController.swift; sourceTree = "<group>"; };
		BDFB5C6A2898615E0016B9A5 /* Base */ = {isa = PBXFileReference; lastKnownFileType = file.storyboard; name = Base; path = Base.lproj/Main.storyboard; sourceTree = "<group>"; };
		BDFB5C6D2898615E0016B9A5 /* LLL.xcdatamodel */ = {isa = PBXFileReference; lastKnownFileType = wrapper.xcdatamodel; path = LLL.xcdatamodel; sourceTree = "<group>"; };
		BDFB5C6F289861600016B9A5 /* Assets.xcassets */ = {isa = PBXFileReference; lastKnownFileType = folder.assetcatalog; path = Assets.xcassets; sourceTree = "<group>"; };
		BDFB5C72289861600016B9A5 /* Base */ = {isa = PBXFileReference; lastKnownFileType = file.storyboard; name = Base; path = Base.lproj/LaunchScreen.storyboard; sourceTree = "<group>"; };
		BDFB5C74289861600016B9A5 /* Info.plist */ = {isa = PBXFileReference; lastKnownFileType = text.plist.xml; path = Info.plist; sourceTree = "<group>"; };
		BDFB5C79289861600016B9A5 /* LLLTests.xctest */ = {isa = PBXFileReference; explicitFileType = wrapper.cfbundle; includeInIndex = 0; path = LLLTests.xctest; sourceTree = BUILT_PRODUCTS_DIR; };
		BDFB5C7D289861600016B9A5 /* LLLTests.swift */ = {isa = PBXFileReference; lastKnownFileType = sourcecode.swift; path = LLLTests.swift; sourceTree = "<group>"; };
		BDFB5C83289861600016B9A5 /* LLLUITests.xctest */ = {isa = PBXFileReference; explicitFileType = wrapper.cfbundle; includeInIndex = 0; path = LLLUITests.xctest; sourceTree = BUILT_PRODUCTS_DIR; };
		BDFB5C87289861600016B9A5 /* LLLUITests.swift */ = {isa = PBXFileReference; lastKnownFileType = sourcecode.swift; path = LLLUITests.swift; sourceTree = "<group>"; };
		BDFB5C89289861600016B9A5 /* LLLUITestsLaunchTests.swift */ = {isa = PBXFileReference; lastKnownFileType = sourcecode.swift; path = LLLUITestsLaunchTests.swift; sourceTree = "<group>"; };
/* End PBXFileReference section */

/* Begin PBXFrameworksBuildPhase section */
		BDFB5C5D2898615E0016B9A5 /* Frameworks */ = {
			isa = PBXFrameworksBuildPhase;
			buildActionMask = 2147483647;
			files = (
			);
			runOnlyForDeploymentPostprocessing = 0;
		};
		BDFB5C76289861600016B9A5 /* Frameworks */ = {
			isa = PBXFrameworksBuildPhase;
			buildActionMask = 2147483647;
			files = (
			);
			runOnlyForDeploymentPostprocessing = 0;
		};
		BDFB5C80289861600016B9A5 /* Frameworks */ = {
			isa = PBXFrameworksBuildPhase;
			buildActionMask = 2147483647;
			files = (
			);
			runOnlyForDeploymentPostprocessing = 0;
		};
/* End PBXFrameworksBuildPhase section */

/* Begin PBXGroup section */
		BDFB5C572898615E0016B9A5 = {
			isa = PBXGroup;
			children = (
				BDE5D7A8289AB3D60031C652 /* ResourcesViewController.swift */,
				BDFB5C622898615E0016B9A5 /* LLL */,
				BDFB5C7C289861600016B9A5 /* LLLTests */,
				BDFB5C86289861600016B9A5 /* LLLUITests */,
				BDFB5C612898615E0016B9A5 /* Products */,
			);
			sourceTree = "<group>";
		};
		BDFB5C612898615E0016B9A5 /* Products */ = {
			isa = PBXGroup;
			children = (
				BDFB5C602898615E0016B9A5 /* LLL.app */,
				BDFB5C79289861600016B9A5 /* LLLTests.xctest */,
				BDFB5C83289861600016B9A5 /* LLLUITests.xctest */,
			);
			name = Products;
			sourceTree = "<group>";
		};
		BDFB5C622898615E0016B9A5 /* LLL */ = {
			isa = PBXGroup;
			children = (
				BDFB5C632898615E0016B9A5 /* AppDelegate.swift */,
				BDFB5C652898615E0016B9A5 /* SceneDelegate.swift */,
				BDFB5C692898615E0016B9A5 /* Main.storyboard */,
				BDFB5C672898615E0016B9A5 /* ViewController.swift */,
				BD0AA0DD28997F48006E736C /* PhotoViewController.swift */,
				BD0AA0DB28997F26006E736C /* MainNavigationViewController.swift */,
				BD0AA0D928997ED9006E736C /* HomeViewController.swift */,
				BD0AA11E2899B418006E736C /* EnRouteViewController.swift */,
				BDFB5C6F289861600016B9A5 /* Assets.xcassets */,
				BDFB5C71289861600016B9A5 /* LaunchScreen.storyboard */,
				BDFB5C74289861600016B9A5 /* Info.plist */,
				BDFB5C6C2898615E0016B9A5 /* LLL.xcdatamodeld */,
			);
			path = LLL;
			sourceTree = "<group>";
		};
		BDFB5C7C289861600016B9A5 /* LLLTests */ = {
			isa = PBXGroup;
			children = (
				BDFB5C7D289861600016B9A5 /* LLLTests.swift */,
			);
			path = LLLTests;
			sourceTree = "<group>";
		};
		BDFB5C86289861600016B9A5 /* LLLUITests */ = {
			isa = PBXGroup;
			children = (
				BDFB5C87289861600016B9A5 /* LLLUITests.swift */,
				BDFB5C89289861600016B9A5 /* LLLUITestsLaunchTests.swift */,
			);
			path = LLLUITests;
			sourceTree = "<group>";
		};
/* End PBXGroup section */

/* Begin PBXNativeTarget section */
		BDFB5C5F2898615E0016B9A5 /* LLL */ = {
			isa = PBXNativeTarget;
			buildConfigurationList = BDFB5C8D289861600016B9A5 /* Build configuration list for PBXNativeTarget "LLL" */;
			buildPhases = (
				BDFB5C5C2898615E0016B9A5 /* Sources */,
				BDFB5C5D2898615E0016B9A5 /* Frameworks */,
				BDFB5C5E2898615E0016B9A5 /* Resources */,
			);
			buildRules = (
			);
			dependencies = (
			);
			name = LLL;
			productName = LLL;
			productReference = BDFB5C602898615E0016B9A5 /* LLL.app */;
			productType = "com.apple.product-type.application";
		};
		BDFB5C78289861600016B9A5 /* LLLTests */ = {
			isa = PBXNativeTarget;
			buildConfigurationList = BDFB5C90289861600016B9A5 /* Build configuration list for PBXNativeTarget "LLLTests" */;
			buildPhases = (
				BDFB5C75289861600016B9A5 /* Sources */,
				BDFB5C76289861600016B9A5 /* Frameworks */,
				BDFB5C77289861600016B9A5 /* Resources */,
			);
			buildRules = (
			);
			dependencies = (
				BDFB5C7B289861600016B9A5 /* PBXTargetDependency */,
			);
			name = LLLTests;
			productName = LLLTests;
			productReference = BDFB5C79289861600016B9A5 /* LLLTests.xctest */;
			productType = "com.apple.product-type.bundle.unit-test";
		};
		BDFB5C82289861600016B9A5 /* LLLUITests */ = {
			isa = PBXNativeTarget;
			buildConfigurationList = BDFB5C93289861600016B9A5 /* Build configuration list for PBXNativeTarget "LLLUITests" */;
			buildPhases = (
				BDFB5C7F289861600016B9A5 /* Sources */,
				BDFB5C80289861600016B9A5 /* Frameworks */,
				BDFB5C81289861600016B9A5 /* Resources */,
			);
			buildRules = (
			);
			dependencies = (
				BDFB5C85289861600016B9A5 /* PBXTargetDependency */,
			);
			name = LLLUITests;
			productName = LLLUITests;
			productReference = BDFB5C83289861600016B9A5 /* LLLUITests.xctest */;
			productType = "com.apple.product-type.bundle.ui-testing";
		};
/* End PBXNativeTarget section */

/* Begin PBXProject section */
		BDFB5C582898615E0016B9A5 /* Project object */ = {
			isa = PBXProject;
			attributes = {
				BuildIndependentTargetsInParallel = 1;
				LastSwiftUpdateCheck = 1340;
				LastUpgradeCheck = 1340;
				TargetAttributes = {
					BDFB5C5F2898615E0016B9A5 = {
						CreatedOnToolsVersion = 13.4.1;
					};
					BDFB5C78289861600016B9A5 = {
						CreatedOnToolsVersion = 13.4.1;
						TestTargetID = BDFB5C5F2898615E0016B9A5;
					};
					BDFB5C82289861600016B9A5 = {
						CreatedOnToolsVersion = 13.4.1;
						TestTargetID = BDFB5C5F2898615E0016B9A5;
					};
				};
			};
			buildConfigurationList = BDFB5C5B2898615E0016B9A5 /* Build configuration list for PBXProject "LLL" */;
			compatibilityVersion = "Xcode 13.0";
			developmentRegion = en;
			hasScannedForEncodings = 0;
			knownRegions = (
				en,
				Base,
			);
			mainGroup = BDFB5C572898615E0016B9A5;
			productRefGroup = BDFB5C612898615E0016B9A5 /* Products */;
			projectDirPath = "";
			projectRoot = "";
			targets = (
				BDFB5C5F2898615E0016B9A5 /* LLL */,
				BDFB5C78289861600016B9A5 /* LLLTests */,
				BDFB5C82289861600016B9A5 /* LLLUITests */,
			);
		};
/* End PBXProject section */

/* Begin PBXResourcesBuildPhase section */
		BDFB5C5E2898615E0016B9A5 /* Resources */ = {
			isa = PBXResourcesBuildPhase;
			buildActionMask = 2147483647;
			files = (
				BDFB5C73289861600016B9A5 /* LaunchScreen.storyboard in Resources */,
				BDFB5C70289861600016B9A5 /* Assets.xcassets in Resources */,
				BDFB5C6B2898615E0016B9A5 /* Main.storyboard in Resources */,
			);
			runOnlyForDeploymentPostprocessing = 0;
		};
		BDFB5C77289861600016B9A5 /* Resources */ = {
			isa = PBXResourcesBuildPhase;
			buildActionMask = 2147483647;
			files = (
			);
			runOnlyForDeploymentPostprocessing = 0;
		};
		BDFB5C81289861600016B9A5 /* Resources */ = {
			isa = PBXResourcesBuildPhase;
			buildActionMask = 2147483647;
			files = (
			);
			runOnlyForDeploymentPostprocessing = 0;
		};
/* End PBXResourcesBuildPhase section */

/* Begin PBXSourcesBuildPhase section */
		BDFB5C5C2898615E0016B9A5 /* Sources */ = {
			isa = PBXSourcesBuildPhase;
			buildActionMask = 2147483647;
			files = (
				BD0AA0DA28997ED9006E736C /* HomeViewController.swift in Sources */,
				BD0AA0DC28997F26006E736C /* MainNavigationViewController.swift in Sources */,
				BDFB5C6E2898615E0016B9A5 /* LLL.xcdatamodeld in Sources */,
				BDFB5C682898615E0016B9A5 /* ViewController.swift in Sources */,
				BD0AA0DE28997F48006E736C /* PhotoViewController.swift in Sources */,
				BDFB5C642898615E0016B9A5 /* AppDelegate.swift in Sources */,
				BDE5D7A9289AB3D60031C652 /* ResourcesViewController.swift in Sources */,
				BDFB5C662898615E0016B9A5 /* SceneDelegate.swift in Sources */,
				BD0AA11F2899B418006E736C /* EnRouteViewController.swift in Sources */,
			);
			runOnlyForDeploymentPostprocessing = 0;
		};
		BDFB5C75289861600016B9A5 /* Sources */ = {
			isa = PBXSourcesBuildPhase;
			buildActionMask = 2147483647;
			files = (
				BDFB5C7E289861600016B9A5 /* LLLTests.swift in Sources */,
			);
			runOnlyForDeploymentPostprocessing = 0;
		};
		BDFB5C7F289861600016B9A5 /* Sources */ = {
			isa = PBXSourcesBuildPhase;
			buildActionMask = 2147483647;
			files = (
				BDFB5C88289861600016B9A5 /* LLLUITests.swift in Sources */,
				BDFB5C8A289861600016B9A5 /* LLLUITestsLaunchTests.swift in Sources */,
			);
			runOnlyForDeploymentPostprocessing = 0;
		};
/* End PBXSourcesBuildPhase section */

/* Begin PBXTargetDependency section */
		BDFB5C7B289861600016B9A5 /* PBXTargetDependency */ = {
			isa = PBXTargetDependency;
			target = BDFB5C5F2898615E0016B9A5 /* LLL */;
			targetProxy = BDFB5C7A289861600016B9A5 /* PBXContainerItemProxy */;
		};
		BDFB5C85289861600016B9A5 /* PBXTargetDependency */ = {
			isa = PBXTargetDependency;
			target = BDFB5C5F2898615E0016B9A5 /* LLL */;
			targetProxy = BDFB5C84289861600016B9A5 /* PBXContainerItemProxy */;
		};
/* End PBXTargetDependency section */

/* Begin PBXVariantGroup section */
		BDFB5C692898615E0016B9A5 /* Main.storyboard */ = {
			isa = PBXVariantGroup;
			children = (
				BDFB5C6A2898615E0016B9A5 /* Base */,
			);
			name = Main.storyboard;
			sourceTree = "<group>";
		};
		BDFB5C71289861600016B9A5 /* LaunchScreen.storyboard */ = {
			isa = PBXVariantGroup;
			children = (
				BDFB5C72289861600016B9A5 /* Base */,
			);
			name = LaunchScreen.storyboard;
			sourceTree = "<group>";
		};
/* End PBXVariantGroup section */

/* Begin XCBuildConfiguration section */
		BDFB5C8B289861600016B9A5 /* Debug */ = {
			isa = XCBuildConfiguration;
			buildSettings = {
				ALWAYS_SEARCH_USER_PATHS = NO;
				CLANG_ANALYZER_NONNULL = YES;
				CLANG_ANALYZER_NUMBER_OBJECT_CONVERSION = YES_AGGRESSIVE;
				CLANG_CXX_LANGUAGE_STANDARD = "gnu++17";
				CLANG_ENABLE_MODULES = YES;
				CLANG_ENABLE_OBJC_ARC = YES;
				CLANG_ENABLE_OBJC_WEAK = YES;
				CLANG_WARN_BLOCK_CAPTURE_AUTORELEASING = YES;
				CLANG_WARN_BOOL_CONVERSION = YES;
				CLANG_WARN_COMMA = YES;
				CLANG_WARN_CONSTANT_CONVERSION = YES;
				CLANG_WARN_DEPRECATED_OBJC_IMPLEMENTATIONS = YES;
				CLANG_WARN_DIRECT_OBJC_ISA_USAGE = YES_ERROR;
				CLANG_WARN_DOCUMENTATION_COMMENTS = YES;
				CLANG_WARN_EMPTY_BODY = YES;
				CLANG_WARN_ENUM_CONVERSION = YES;
				CLANG_WARN_INFINITE_RECURSION = YES;
				CLANG_WARN_INT_CONVERSION = YES;
				CLANG_WARN_NON_LITERAL_NULL_CONVERSION = YES;
				CLANG_WARN_OBJC_IMPLICIT_RETAIN_SELF = YES;
				CLANG_WARN_OBJC_LITERAL_CONVERSION = YES;
				CLANG_WARN_OBJC_ROOT_CLASS = YES_ERROR;
				CLANG_WARN_QUOTED_INCLUDE_IN_FRAMEWORK_HEADER = YES;
				CLANG_WARN_RANGE_LOOP_ANALYSIS = YES;
				CLANG_WARN_STRICT_PROTOTYPES = YES;
				CLANG_WARN_SUSPICIOUS_MOVE = YES;
				CLANG_WARN_UNGUARDED_AVAILABILITY = YES_AGGRESSIVE;
				CLANG_WARN_UNREACHABLE_CODE = YES;
				CLANG_WARN__DUPLICATE_METHOD_MATCH = YES;
				COPY_PHASE_STRIP = NO;
				DEBUG_INFORMATION_FORMAT = dwarf;
				ENABLE_STRICT_OBJC_MSGSEND = YES;
				ENABLE_TESTABILITY = YES;
				GCC_C_LANGUAGE_STANDARD = gnu11;
				GCC_DYNAMIC_NO_PIC = NO;
				GCC_NO_COMMON_BLOCKS = YES;
				GCC_OPTIMIZATION_LEVEL = 0;
				GCC_PREPROCESSOR_DEFINITIONS = (
					"DEBUG=1",
					"$(inherited)",
				);
				GCC_WARN_64_TO_32_BIT_CONVERSION = YES;
				GCC_WARN_ABOUT_RETURN_TYPE = YES_ERROR;
				GCC_WARN_UNDECLARED_SELECTOR = YES;
				GCC_WARN_UNINITIALIZED_AUTOS = YES_AGGRESSIVE;
				GCC_WARN_UNUSED_FUNCTION = YES;
				GCC_WARN_UNUSED_VARIABLE = YES;
				IPHONEOS_DEPLOYMENT_TARGET = 15.5;
				MTL_ENABLE_DEBUG_INFO = INCLUDE_SOURCE;
				MTL_FAST_MATH = YES;
				ONLY_ACTIVE_ARCH = YES;
				SDKROOT = iphoneos;
				SWIFT_ACTIVE_COMPILATION_CONDITIONS = DEBUG;
				SWIFT_OPTIMIZATION_LEVEL = "-Onone";
			};
			name = Debug;
		};
		BDFB5C8C289861600016B9A5 /* Release */ = {
			isa = XCBuildConfiguration;
			buildSettings = {
				ALWAYS_SEARCH_USER_PATHS = NO;
				CLANG_ANALYZER_NONNULL = YES;
				CLANG_ANALYZER_NUMBER_OBJECT_CONVERSION = YES_AGGRESSIVE;
				CLANG_CXX_LANGUAGE_STANDARD = "gnu++17";
				CLANG_ENABLE_MODULES = YES;
				CLANG_ENABLE_OBJC_ARC = YES;
				CLANG_ENABLE_OBJC_WEAK = YES;
				CLANG_WARN_BLOCK_CAPTURE_AUTORELEASING = YES;
				CLANG_WARN_BOOL_CONVERSION = YES;
				CLANG_WARN_COMMA = YES;
				CLANG_WARN_CONSTANT_CONVERSION = YES;
				CLANG_WARN_DEPRECATED_OBJC_IMPLEMENTATIONS = YES;
				CLANG_WARN_DIRECT_OBJC_ISA_USAGE = YES_ERROR;
				CLANG_WARN_DOCUMENTATION_COMMENTS = YES;
				CLANG_WARN_EMPTY_BODY = YES;
				CLANG_WARN_ENUM_CONVERSION = YES;
				CLANG_WARN_INFINITE_RECURSION = YES;
				CLANG_WARN_INT_CONVERSION = YES;
				CLANG_WARN_NON_LITERAL_NULL_CONVERSION = YES;
				CLANG_WARN_OBJC_IMPLICIT_RETAIN_SELF = YES;
				CLANG_WARN_OBJC_LITERAL_CONVERSION = YES;
				CLANG_WARN_OBJC_ROOT_CLASS = YES_ERROR;
				CLANG_WARN_QUOTED_INCLUDE_IN_FRAMEWORK_HEADER = YES;
				CLANG_WARN_RANGE_LOOP_ANALYSIS = YES;
				CLANG_WARN_STRICT_PROTOTYPES = YES;
				CLANG_WARN_SUSPICIOUS_MOVE = YES;
				CLANG_WARN_UNGUARDED_AVAILABILITY = YES_AGGRESSIVE;
				CLANG_WARN_UNREACHABLE_CODE = YES;
				CLANG_WARN__DUPLICATE_METHOD_MATCH = YES;
				COPY_PHASE_STRIP = NO;
				DEBUG_INFORMATION_FORMAT = "dwarf-with-dsym";
				ENABLE_NS_ASSERTIONS = NO;
				ENABLE_STRICT_OBJC_MSGSEND = YES;
				GCC_C_LANGUAGE_STANDARD = gnu11;
				GCC_NO_COMMON_BLOCKS = YES;
				GCC_WARN_64_TO_32_BIT_CONVERSION = YES;
				GCC_WARN_ABOUT_RETURN_TYPE = YES_ERROR;
				GCC_WARN_UNDECLARED_SELECTOR = YES;
				GCC_WARN_UNINITIALIZED_AUTOS = YES_AGGRESSIVE;
				GCC_WARN_UNUSED_FUNCTION = YES;
				GCC_WARN_UNUSED_VARIABLE = YES;
				IPHONEOS_DEPLOYMENT_TARGET = 15.5;
				MTL_ENABLE_DEBUG_INFO = NO;
				MTL_FAST_MATH = YES;
				SDKROOT = iphoneos;
				SWIFT_COMPILATION_MODE = wholemodule;
				SWIFT_OPTIMIZATION_LEVEL = "-O";
				VALIDATE_PRODUCT = YES;
			};
			name = Release;
		};
		BDFB5C8E289861600016B9A5 /* Debug */ = {
			isa = XCBuildConfiguration;
			buildSettings = {
				ASSETCATALOG_COMPILER_APPICON_NAME = AppIcon;
				ASSETCATALOG_COMPILER_GLOBAL_ACCENT_COLOR_NAME = AccentColor;
				CODE_SIGN_STYLE = Automatic;
				CURRENT_PROJECT_VERSION = 1;
				GENERATE_INFOPLIST_FILE = YES;
				INFOPLIST_FILE = LLL/Info.plist;
				INFOPLIST_KEY_UIApplicationSupportsIndirectInputEvents = YES;
				INFOPLIST_KEY_UILaunchStoryboardName = LaunchScreen;
				INFOPLIST_KEY_UIMainStoryboardFile = Main;
				INFOPLIST_KEY_UISupportedInterfaceOrientations_iPad = "UIInterfaceOrientationPortrait UIInterfaceOrientationPortraitUpsideDown UIInterfaceOrientationLandscapeLeft UIInterfaceOrientationLandscapeRight";
				INFOPLIST_KEY_UISupportedInterfaceOrientations_iPhone = "UIInterfaceOrientationPortrait UIInterfaceOrientationLandscapeLeft UIInterfaceOrientationLandscapeRight";
				LD_RUNPATH_SEARCH_PATHS = (
					"$(inherited)",
					"@executable_path/Frameworks",
				);
				MARKETING_VERSION = 1.0;
				PRODUCT_BUNDLE_IDENTIFIER = kwk.LLL;
				PRODUCT_NAME = "$(TARGET_NAME)";
				SWIFT_EMIT_LOC_STRINGS = YES;
				SWIFT_VERSION = 5.0;
				TARGETED_DEVICE_FAMILY = "1,2";
			};
			name = Debug;
		};
		BDFB5C8F289861600016B9A5 /* Release */ = {
			isa = XCBuildConfiguration;
			buildSettings = {
				ASSETCATALOG_COMPILER_APPICON_NAME = AppIcon;
				ASSETCATALOG_COMPILER_GLOBAL_ACCENT_COLOR_NAME = AccentColor;
				CODE_SIGN_STYLE = Automatic;
				CURRENT_PROJECT_VERSION = 1;
				GENERATE_INFOPLIST_FILE = YES;
				INFOPLIST_FILE = LLL/Info.plist;
				INFOPLIST_KEY_UIApplicationSupportsIndirectInputEvents = YES;
				INFOPLIST_KEY_UILaunchStoryboardName = LaunchScreen;
				INFOPLIST_KEY_UIMainStoryboardFile = Main;
				INFOPLIST_KEY_UISupportedInterfaceOrientations_iPad = "UIInterfaceOrientationPortrait UIInterfaceOrientationPortraitUpsideDown UIInterfaceOrientationLandscapeLeft UIInterfaceOrientationLandscapeRight";
				INFOPLIST_KEY_UISupportedInterfaceOrientations_iPhone = "UIInterfaceOrientationPortrait UIInterfaceOrientationLandscapeLeft UIInterfaceOrientationLandscapeRight";
				LD_RUNPATH_SEARCH_PATHS = (
					"$(inherited)",
					"@executable_path/Frameworks",
				);
				MARKETING_VERSION = 1.0;
				PRODUCT_BUNDLE_IDENTIFIER = kwk.LLL;
				PRODUCT_NAME = "$(TARGET_NAME)";
				SWIFT_EMIT_LOC_STRINGS = YES;
				SWIFT_VERSION = 5.0;
				TARGETED_DEVICE_FAMILY = "1,2";
			};
			name = Release;
		};
		BDFB5C91289861600016B9A5 /* Debug */ = {
			isa = XCBuildConfiguration;
			buildSettings = {
				ALWAYS_EMBED_SWIFT_STANDARD_LIBRARIES = YES;
				BUNDLE_LOADER = "$(TEST_HOST)";
				CODE_SIGN_STYLE = Automatic;
				CURRENT_PROJECT_VERSION = 1;
				GENERATE_INFOPLIST_FILE = YES;
				IPHONEOS_DEPLOYMENT_TARGET = 15.5;
				MARKETING_VERSION = 1.0;
				PRODUCT_BUNDLE_IDENTIFIER = kwk.LLLTests;
				PRODUCT_NAME = "$(TARGET_NAME)";
				SWIFT_EMIT_LOC_STRINGS = NO;
				SWIFT_VERSION = 5.0;
				TARGETED_DEVICE_FAMILY = "1,2";
				TEST_HOST = "$(BUILT_PRODUCTS_DIR)/LLL.app/LLL";
			};
			name = Debug;
		};
		BDFB5C92289861600016B9A5 /* Release */ = {
			isa = XCBuildConfiguration;
			buildSettings = {
				ALWAYS_EMBED_SWIFT_STANDARD_LIBRARIES = YES;
				BUNDLE_LOADER = "$(TEST_HOST)";
				CODE_SIGN_STYLE = Automatic;
				CURRENT_PROJECT_VERSION = 1;
				GENERATE_INFOPLIST_FILE = YES;
				IPHONEOS_DEPLOYMENT_TARGET = 15.5;
				MARKETING_VERSION = 1.0;
				PRODUCT_BUNDLE_IDENTIFIER = kwk.LLLTests;
				PRODUCT_NAME = "$(TARGET_NAME)";
				SWIFT_EMIT_LOC_STRINGS = NO;
				SWIFT_VERSION = 5.0;
				TARGETED_DEVICE_FAMILY = "1,2";
				TEST_HOST = "$(BUILT_PRODUCTS_DIR)/LLL.app/LLL";
			};
			name = Release;
		};
		BDFB5C94289861600016B9A5 /* Debug */ = {
			isa = XCBuildConfiguration;
			buildSettings = {
				ALWAYS_EMBED_SWIFT_STANDARD_LIBRARIES = YES;
				CODE_SIGN_STYLE = Automatic;
				CURRENT_PROJECT_VERSION = 1;
				GENERATE_INFOPLIST_FILE = YES;
				MARKETING_VERSION = 1.0;
				PRODUCT_BUNDLE_IDENTIFIER = kwk.LLLUITests;
				PRODUCT_NAME = "$(TARGET_NAME)";
				SWIFT_EMIT_LOC_STRINGS = NO;
				SWIFT_VERSION = 5.0;
				TARGETED_DEVICE_FAMILY = "1,2";
				TEST_TARGET_NAME = LLL;
			};
			name = Debug;
		};
		BDFB5C95289861600016B9A5 /* Release */ = {
			isa = XCBuildConfiguration;
			buildSettings = {
				ALWAYS_EMBED_SWIFT_STANDARD_LIBRARIES = YES;
				CODE_SIGN_STYLE = Automatic;
				CURRENT_PROJECT_VERSION = 1;
				GENERATE_INFOPLIST_FILE = YES;
				MARKETING_VERSION = 1.0;
				PRODUCT_BUNDLE_IDENTIFIER = kwk.LLLUITests;
				PRODUCT_NAME = "$(TARGET_NAME)";
				SWIFT_EMIT_LOC_STRINGS = NO;
				SWIFT_VERSION = 5.0;
				TARGETED_DEVICE_FAMILY = "1,2";
				TEST_TARGET_NAME = LLL;
			};
			name = Release;
		};
/* End XCBuildConfiguration section */

/* Begin XCConfigurationList section */
		BDFB5C5B2898615E0016B9A5 /* Build configuration list for PBXProject "LLL" */ = {
			isa = XCConfigurationList;
			buildConfigurations = (
				BDFB5C8B289861600016B9A5 /* Debug */,
				BDFB5C8C289861600016B9A5 /* Release */,
			);
			defaultConfigurationIsVisible = 0;
			defaultConfigurationName = Release;
		};
		BDFB5C8D289861600016B9A5 /* Build configuration list for PBXNativeTarget "LLL" */ = {
			isa = XCConfigurationList;
			buildConfigurations = (
				BDFB5C8E289861600016B9A5 /* Debug */,
				BDFB5C8F289861600016B9A5 /* Release */,
			);
			defaultConfigurationIsVisible = 0;
			defaultConfigurationName = Release;
		};
		BDFB5C90289861600016B9A5 /* Build configuration list for PBXNativeTarget "LLLTests" */ = {
			isa = XCConfigurationList;
			buildConfigurations = (
				BDFB5C91289861600016B9A5 /* Debug */,
				BDFB5C92289861600016B9A5 /* Release */,
			);
			defaultConfigurationIsVisible = 0;
			defaultConfigurationName = Release;
		};
		BDFB5C93289861600016B9A5 /* Build configuration list for PBXNativeTarget "LLLUITests" */ = {
			isa = XCConfigurationList;
			buildConfigurations = (
				BDFB5C94289861600016B9A5 /* Debug */,
				BDFB5C95289861600016B9A5 /* Release */,
			);
			defaultConfigurationIsVisible = 0;
			defaultConfigurationName = Release;
		};
/* End XCConfigurationList section */

/* Begin XCVersionGroup section */
		BDFB5C6C2898615E0016B9A5 /* LLL.xcdatamodeld */ = {
			isa = XCVersionGroup;
			children = (
				BDFB5C6D2898615E0016B9A5 /* LLL.xcdatamodel */,
			);
			currentVersion = BDFB5C6D2898615E0016B9A5 /* LLL.xcdatamodel */;
			path = LLL.xcdatamodeld;
			sourceTree = "<group>";
			versionGroupType = wrapper.xcdatamodel;
		};
/* End XCVersionGroup section */
	};
	rootObject = BDFB5C582898615E0016B9A5 /* Project object */;
}
